// !$*UTF8*$!
{
	archiveVersion = 1;
	classes = {
	};
	objectVersion = 56;
	objects = {

/* Begin PBXBuildFile section */
		D567467A2BB375D600233355 /* WidgetKit.framework in Frameworks */ = {isa = PBXBuildFile; fileRef = D567464E2BB374EA00233355 /* WidgetKit.framework */; };
		D567467B2BB375D600233355 /* SwiftUI.framework in Frameworks */ = {isa = PBXBuildFile; fileRef = D56746502BB374EA00233355 /* SwiftUI.framework */; };
		D567467E2BB375D600233355 /* PowerWatch_watchOS_Widget.swift in Sources */ = {isa = PBXBuildFile; fileRef = D567467D2BB375D600233355 /* PowerWatch_watchOS_Widget.swift */; };
		D56746802BB375D800233355 /* Assets.xcassets in Resources */ = {isa = PBXBuildFile; fileRef = D567467F2BB375D800233355 /* Assets.xcassets */; };
		D56746842BB375D800233355 /* PowerWatch watchOS WidgetExtension.appex in Embed Foundation Extensions */ = {isa = PBXBuildFile; fileRef = D56746792BB375D600233355 /* PowerWatch watchOS WidgetExtension.appex */; settings = {ATTRIBUTES = (RemoveHeadersOnCopy, ); }; };
		D567468D2BB375FF00233355 /* WidgetKit.framework in Frameworks */ = {isa = PBXBuildFile; fileRef = D567464E2BB374EA00233355 /* WidgetKit.framework */; };
		D567468E2BB375FF00233355 /* SwiftUI.framework in Frameworks */ = {isa = PBXBuildFile; fileRef = D56746502BB374EA00233355 /* SwiftUI.framework */; };
		D56746912BB375FF00233355 /* PowerWatch_iOS_WidgetBundle.swift in Sources */ = {isa = PBXBuildFile; fileRef = D56746902BB375FF00233355 /* PowerWatch_iOS_WidgetBundle.swift */; };
		D56746932BB375FF00233355 /* PowerWatch_iOS_Widget.swift in Sources */ = {isa = PBXBuildFile; fileRef = D56746922BB375FF00233355 /* PowerWatch_iOS_Widget.swift */; };
		D56746952BB3760200233355 /* Assets.xcassets in Resources */ = {isa = PBXBuildFile; fileRef = D56746942BB3760200233355 /* Assets.xcassets */; };
		D56746992BB3760200233355 /* PowerWatch iOS WidgetExtension.appex in Embed Foundation Extensions */ = {isa = PBXBuildFile; fileRef = D567468C2BB375FF00233355 /* PowerWatch iOS WidgetExtension.appex */; settings = {ATTRIBUTES = (RemoveHeadersOnCopy, ); }; };
		D567469E2BB4319600233355 /* Settings.bundle in Resources */ = {isa = PBXBuildFile; fileRef = D567469D2BB4319600233355 /* Settings.bundle */; };
		D56746B12BB4B74300233355 /* AppIntents.swift in Sources */ = {isa = PBXBuildFile; fileRef = D56746B02BB4B74300233355 /* AppIntents.swift */; };
		D56746B32BB4B8CD00233355 /* AppIntents.swift in Sources */ = {isa = PBXBuildFile; fileRef = D56746B22BB4B8CD00233355 /* AppIntents.swift */; };
		D597622D2BB4D881008F30C2 /* PowerWatch_watchOS_WidgetBundle.swift in Sources */ = {isa = PBXBuildFile; fileRef = D597622C2BB4D881008F30C2 /* PowerWatch_watchOS_WidgetBundle.swift */; };
		D59F92E32A7B09910063AA5E /* PowerWatchApp.swift in Sources */ = {isa = PBXBuildFile; fileRef = D59F92E22A7B09910063AA5E /* PowerWatchApp.swift */; };
		D59F92E52A7B09910063AA5E /* ContentView.swift in Sources */ = {isa = PBXBuildFile; fileRef = D59F92E42A7B09910063AA5E /* ContentView.swift */; };
		D59F92E72A7B09920063AA5E /* Assets.xcassets in Resources */ = {isa = PBXBuildFile; fileRef = D59F92E62A7B09920063AA5E /* Assets.xcassets */; };
		D59F92EA2A7B09920063AA5E /* Preview Assets.xcassets in Resources */ = {isa = PBXBuildFile; fileRef = D59F92E92A7B09920063AA5E /* Preview Assets.xcassets */; };
		D59F92F72A7D65790063AA5E /* PowerWatch_watchOSApp.swift in Sources */ = {isa = PBXBuildFile; fileRef = D59F92F62A7D65790063AA5E /* PowerWatch_watchOSApp.swift */; };
		D59F92F92A7D65790063AA5E /* ContentView.swift in Sources */ = {isa = PBXBuildFile; fileRef = D59F92F82A7D65790063AA5E /* ContentView.swift */; };
		D59F92FB2A7D657B0063AA5E /* Assets.xcassets in Resources */ = {isa = PBXBuildFile; fileRef = D59F92FA2A7D657B0063AA5E /* Assets.xcassets */; };
		D59F92FE2A7D657B0063AA5E /* Preview Assets.xcassets in Resources */ = {isa = PBXBuildFile; fileRef = D59F92FD2A7D657B0063AA5E /* Preview Assets.xcassets */; };
		D59F93012A7D657B0063AA5E /* PowerWatch.app in Embed Watch Content */ = {isa = PBXBuildFile; fileRef = D59F92F42A7D65790063AA5E /* PowerWatch.app */; settings = {ATTRIBUTES = (RemoveHeadersOnCopy, ); }; };
		D5C3B9782F0B00F800F466A1 /* PowerWatchAppIcon.icon in Resources */ = {isa = PBXBuildFile; fileRef = D5C3B9772F0B00F800F466A1 /* PowerWatchAppIcon.icon */; };
		D5C3B9792F0B00F800F466A1 /* PowerWatchAppIcon.icon in Resources */ = {isa = PBXBuildFile; fileRef = D5C3B9772F0B00F800F466A1 /* PowerWatchAppIcon.icon */; };
		D5C3B97A2F0B00F800F466A1 /* PowerWatchAppIcon.icon in Resources */ = {isa = PBXBuildFile; fileRef = D5C3B9772F0B00F800F466A1 /* PowerWatchAppIcon.icon */; };
		D5C3B97B2F0B00F800F466A1 /* PowerWatchAppIcon.icon in Resources */ = {isa = PBXBuildFile; fileRef = D5C3B9772F0B00F800F466A1 /* PowerWatchAppIcon.icon */; };
		D5C3B97D2F0B0ED800F466A1 /* PowerWatch IAPs.storekit in Resources */ = {isa = PBXBuildFile; fileRef = D5C3B97C2F0B0ED800F466A1 /* PowerWatch IAPs.storekit */; };
/* End PBXBuildFile section */

/* Begin PBXContainerItemProxy section */
		D56746822BB375D800233355 /* PBXContainerItemProxy */ = {
			isa = PBXContainerItemProxy;
			containerPortal = D59F92D72A7B09910063AA5E /* Project object */;
			proxyType = 1;
			remoteGlobalIDString = D56746782BB375D600233355;
			remoteInfo = "PowerWatch watchOS WidgetExtension";
		};
		D56746972BB3760200233355 /* PBXContainerItemProxy */ = {
			isa = PBXContainerItemProxy;
			containerPortal = D59F92D72A7B09910063AA5E /* Project object */;
			proxyType = 1;
			remoteGlobalIDString = D567468B2BB375FF00233355;
			remoteInfo = "PowerWatch iOS WidgetExtension";
		};
		D59F92FF2A7D657B0063AA5E /* PBXContainerItemProxy */ = {
			isa = PBXContainerItemProxy;
			containerPortal = D59F92D72A7B09910063AA5E /* Project object */;
			proxyType = 1;
			remoteGlobalIDString = D59F92F32A7D65790063AA5E;
			remoteInfo = "PowerWatch watchOS Watch App";
		};
/* End PBXContainerItemProxy section */

/* Begin PBXCopyFilesBuildPhase section */
		D56746602BB374EB00233355 /* Embed Foundation Extensions */ = {
			isa = PBXCopyFilesBuildPhase;
			buildActionMask = 2147483647;
			dstPath = "";
			dstSubfolderSpec = 13;
			files = (
				D56746992BB3760200233355 /* PowerWatch iOS WidgetExtension.appex in Embed Foundation Extensions */,
			);
			name = "Embed Foundation Extensions";
			runOnlyForDeploymentPostprocessing = 0;
		};
		D56746742BB374FE00233355 /* Embed Foundation Extensions */ = {
			isa = PBXCopyFilesBuildPhase;
			buildActionMask = 2147483647;
			dstPath = "";
			dstSubfolderSpec = 13;
			files = (
				D56746842BB375D800233355 /* PowerWatch watchOS WidgetExtension.appex in Embed Foundation Extensions */,
			);
			name = "Embed Foundation Extensions";
			runOnlyForDeploymentPostprocessing = 0;
		};
		D59F93052A7D657B0063AA5E /* Embed Watch Content */ = {
			isa = PBXCopyFilesBuildPhase;
			buildActionMask = 2147483647;
			dstPath = "$(CONTENTS_FOLDER_PATH)/Watch";
			dstSubfolderSpec = 16;
			files = (
				D59F93012A7D657B0063AA5E /* PowerWatch.app in Embed Watch Content */,
			);
			name = "Embed Watch Content";
			runOnlyForDeploymentPostprocessing = 0;
		};
/* End PBXCopyFilesBuildPhase section */

/* Begin PBXFileReference section */
		D567464E2BB374EA00233355 /* WidgetKit.framework */ = {isa = PBXFileReference; lastKnownFileType = wrapper.framework; name = WidgetKit.framework; path = System/Library/Frameworks/WidgetKit.framework; sourceTree = SDKROOT; };
		D56746502BB374EA00233355 /* SwiftUI.framework */ = {isa = PBXFileReference; lastKnownFileType = wrapper.framework; name = SwiftUI.framework; path = System/Library/Frameworks/SwiftUI.framework; sourceTree = SDKROOT; };
		D56746792BB375D600233355 /* PowerWatch watchOS WidgetExtension.appex */ = {isa = PBXFileReference; explicitFileType = "wrapper.app-extension"; includeInIndex = 0; path = "PowerWatch watchOS WidgetExtension.appex"; sourceTree = BUILT_PRODUCTS_DIR; };
		D567467D2BB375D600233355 /* PowerWatch_watchOS_Widget.swift */ = {isa = PBXFileReference; lastKnownFileType = sourcecode.swift; path = PowerWatch_watchOS_Widget.swift; sourceTree = "<group>"; };
		D567467F2BB375D800233355 /* Assets.xcassets */ = {isa = PBXFileReference; lastKnownFileType = folder.assetcatalog; path = Assets.xcassets; sourceTree = "<group>"; };
		D56746812BB375D800233355 /* Info.plist */ = {isa = PBXFileReference; lastKnownFileType = text.plist.xml; path = Info.plist; sourceTree = "<group>"; };
		D567468C2BB375FF00233355 /* PowerWatch iOS WidgetExtension.appex */ = {isa = PBXFileReference; explicitFileType = "wrapper.app-extension"; includeInIndex = 0; path = "PowerWatch iOS WidgetExtension.appex"; sourceTree = BUILT_PRODUCTS_DIR; };
		D56746902BB375FF00233355 /* PowerWatch_iOS_WidgetBundle.swift */ = {isa = PBXFileReference; lastKnownFileType = sourcecode.swift; path = PowerWatch_iOS_WidgetBundle.swift; sourceTree = "<group>"; };
		D56746922BB375FF00233355 /* PowerWatch_iOS_Widget.swift */ = {isa = PBXFileReference; lastKnownFileType = sourcecode.swift; path = PowerWatch_iOS_Widget.swift; sourceTree = "<group>"; };
		D56746942BB3760200233355 /* Assets.xcassets */ = {isa = PBXFileReference; lastKnownFileType = folder.assetcatalog; path = Assets.xcassets; sourceTree = "<group>"; };
		D56746962BB3760200233355 /* Info.plist */ = {isa = PBXFileReference; lastKnownFileType = text.plist.xml; path = Info.plist; sourceTree = "<group>"; };
		D567469D2BB4319600233355 /* Settings.bundle */ = {isa = PBXFileReference; lastKnownFileType = "wrapper.plug-in"; path = Settings.bundle; sourceTree = "<group>"; };
		D56746B02BB4B74300233355 /* AppIntents.swift */ = {isa = PBXFileReference; lastKnownFileType = sourcecode.swift; path = AppIntents.swift; sourceTree = "<group>"; };
		D56746B22BB4B8CD00233355 /* AppIntents.swift */ = {isa = PBXFileReference; lastKnownFileType = sourcecode.swift; path = AppIntents.swift; sourceTree = "<group>"; };
		D597622C2BB4D881008F30C2 /* PowerWatch_watchOS_WidgetBundle.swift */ = {isa = PBXFileReference; lastKnownFileType = sourcecode.swift; path = PowerWatch_watchOS_WidgetBundle.swift; sourceTree = "<group>"; };
		D59F92DF2A7B09910063AA5E /* PowerWatch.app */ = {isa = PBXFileReference; explicitFileType = wrapper.application; includeInIndex = 0; path = PowerWatch.app; sourceTree = BUILT_PRODUCTS_DIR; };
		D59F92E22A7B09910063AA5E /* PowerWatchApp.swift */ = {isa = PBXFileReference; lastKnownFileType = sourcecode.swift; path = PowerWatchApp.swift; sourceTree = "<group>"; };
		D59F92E42A7B09910063AA5E /* ContentView.swift */ = {isa = PBXFileReference; lastKnownFileType = sourcecode.swift; path = ContentView.swift; sourceTree = "<group>"; };
		D59F92E62A7B09920063AA5E /* Assets.xcassets */ = {isa = PBXFileReference; lastKnownFileType = folder.assetcatalog; path = Assets.xcassets; sourceTree = "<group>"; };
		D59F92E92A7B09920063AA5E /* Preview Assets.xcassets */ = {isa = PBXFileReference; lastKnownFileType = folder.assetcatalog; path = "Preview Assets.xcassets"; sourceTree = "<group>"; };
		D59F92F42A7D65790063AA5E /* PowerWatch.app */ = {isa = PBXFileReference; explicitFileType = wrapper.application; includeInIndex = 0; path = PowerWatch.app; sourceTree = BUILT_PRODUCTS_DIR; };
		D59F92F62A7D65790063AA5E /* PowerWatch_watchOSApp.swift */ = {isa = PBXFileReference; lastKnownFileType = sourcecode.swift; path = PowerWatch_watchOSApp.swift; sourceTree = "<group>"; };
		D59F92F82A7D65790063AA5E /* ContentView.swift */ = {isa = PBXFileReference; lastKnownFileType = sourcecode.swift; path = ContentView.swift; sourceTree = "<group>"; };
		D59F92FA2A7D657B0063AA5E /* Assets.xcassets */ = {isa = PBXFileReference; lastKnownFileType = folder.assetcatalog; path = Assets.xcassets; sourceTree = "<group>"; };
		D59F92FD2A7D657B0063AA5E /* Preview Assets.xcassets */ = {isa = PBXFileReference; lastKnownFileType = folder.assetcatalog; path = "Preview Assets.xcassets"; sourceTree = "<group>"; };
		D5C3B9772F0B00F800F466A1 /* PowerWatchAppIcon.icon */ = {isa = PBXFileReference; lastKnownFileType = folder.iconcomposer.icon; path = PowerWatchAppIcon.icon; sourceTree = "<group>"; };
		D5C3B97C2F0B0ED800F466A1 /* PowerWatch IAPs.storekit */ = {isa = PBXFileReference; lastKnownFileType = text; path = "PowerWatch IAPs.storekit"; sourceTree = "<group>"; };
/* End PBXFileReference section */

/* Begin PBXFrameworksBuildPhase section */
		D56746762BB375D600233355 /* Frameworks */ = {
			isa = PBXFrameworksBuildPhase;
			buildActionMask = 2147483647;
			files = (
				D567467B2BB375D600233355 /* SwiftUI.framework in Frameworks */,
				D567467A2BB375D600233355 /* WidgetKit.framework in Frameworks */,
			);
			runOnlyForDeploymentPostprocessing = 0;
		};
		D56746892BB375FF00233355 /* Frameworks */ = {
			isa = PBXFrameworksBuildPhase;
			buildActionMask = 2147483647;
			files = (
				D567468E2BB375FF00233355 /* SwiftUI.framework in Frameworks */,
				D567468D2BB375FF00233355 /* WidgetKit.framework in Frameworks */,
			);
			runOnlyForDeploymentPostprocessing = 0;
		};
		D59F92DC2A7B09910063AA5E /* Frameworks */ = {
			isa = PBXFrameworksBuildPhase;
			buildActionMask = 2147483647;
			files = (
			);
			runOnlyForDeploymentPostprocessing = 0;
		};
		D59F92F12A7D65790063AA5E /* Frameworks */ = {
			isa = PBXFrameworksBuildPhase;
			buildActionMask = 2147483647;
			files = (
			);
			runOnlyForDeploymentPostprocessing = 0;
		};
/* End PBXFrameworksBuildPhase section */

/* Begin PBXGroup section */
		D567464D2BB374EA00233355 /* Frameworks */ = {
			isa = PBXGroup;
			children = (
				D567464E2BB374EA00233355 /* WidgetKit.framework */,
				D56746502BB374EA00233355 /* SwiftUI.framework */,
			);
			name = Frameworks;
			sourceTree = "<group>";
		};
		D567467C2BB375D600233355 /* PowerWatch watchOS Widget */ = {
			isa = PBXGroup;
			children = (
				D597622C2BB4D881008F30C2 /* PowerWatch_watchOS_WidgetBundle.swift */,
				D567467D2BB375D600233355 /* PowerWatch_watchOS_Widget.swift */,
				D567467F2BB375D800233355 /* Assets.xcassets */,
				D56746812BB375D800233355 /* Info.plist */,
			);
			path = "PowerWatch watchOS Widget";
			sourceTree = "<group>";
		};
		D567468F2BB375FF00233355 /* PowerWatch iOS Widget */ = {
			isa = PBXGroup;
			children = (
				D56746902BB375FF00233355 /* PowerWatch_iOS_WidgetBundle.swift */,
				D56746922BB375FF00233355 /* PowerWatch_iOS_Widget.swift */,
				D56746942BB3760200233355 /* Assets.xcassets */,
				D56746962BB3760200233355 /* Info.plist */,
			);
			path = "PowerWatch iOS Widget";
			sourceTree = "<group>";
		};
		D59F92D62A7B09910063AA5E = {
			isa = PBXGroup;
			children = (
				D59F92E12A7B09910063AA5E /* PowerWatch */,
				D59F92F52A7D65790063AA5E /* PowerWatch watchOS Watch App */,
				D567467C2BB375D600233355 /* PowerWatch watchOS Widget */,
				D567468F2BB375FF00233355 /* PowerWatch iOS Widget */,
				D567464D2BB374EA00233355 /* Frameworks */,
				D59F92E02A7B09910063AA5E /* Products */,
			);
			sourceTree = "<group>";
		};
		D59F92E02A7B09910063AA5E /* Products */ = {
			isa = PBXGroup;
			children = (
				D59F92DF2A7B09910063AA5E /* PowerWatch.app */,
				D59F92F42A7D65790063AA5E /* PowerWatch.app */,
				D56746792BB375D600233355 /* PowerWatch watchOS WidgetExtension.appex */,
				D567468C2BB375FF00233355 /* PowerWatch iOS WidgetExtension.appex */,
			);
			name = Products;
			sourceTree = "<group>";
		};
		D59F92E12A7B09910063AA5E /* PowerWatch */ = {
			isa = PBXGroup;
			children = (
				D5C3B9772F0B00F800F466A1 /* PowerWatchAppIcon.icon */,
				D59F92E22A7B09910063AA5E /* PowerWatchApp.swift */,
				D59F92E42A7B09910063AA5E /* ContentView.swift */,
				D59F92E62A7B09920063AA5E /* Assets.xcassets */,
				D59F92E82A7B09920063AA5E /* Preview Content */,
				D567469D2BB4319600233355 /* Settings.bundle */,
				D56746B22BB4B8CD00233355 /* AppIntents.swift */,
				D5C3B97C2F0B0ED800F466A1 /* PowerWatch IAPs.storekit */,
			);
			path = PowerWatch;
			sourceTree = "<group>";
		};
		D59F92E82A7B09920063AA5E /* Preview Content */ = {
			isa = PBXGroup;
			children = (
				D59F92E92A7B09920063AA5E /* Preview Assets.xcassets */,
			);
			path = "Preview Content";
			sourceTree = "<group>";
		};
		D59F92F52A7D65790063AA5E /* PowerWatch watchOS Watch App */ = {
			isa = PBXGroup;
			children = (
				D59F92F62A7D65790063AA5E /* PowerWatch_watchOSApp.swift */,
				D59F92F82A7D65790063AA5E /* ContentView.swift */,
				D59F92FA2A7D657B0063AA5E /* Assets.xcassets */,
				D59F92FC2A7D657B0063AA5E /* Preview Content */,
				D56746B02BB4B74300233355 /* AppIntents.swift */,
			);
			path = "PowerWatch watchOS Watch App";
			sourceTree = "<group>";
		};
		D59F92FC2A7D657B0063AA5E /* Preview Content */ = {
			isa = PBXGroup;
			children = (
				D59F92FD2A7D657B0063AA5E /* Preview Assets.xcassets */,
			);
			path = "Preview Content";
			sourceTree = "<group>";
		};
/* End PBXGroup section */

/* Begin PBXNativeTarget section */
		D56746782BB375D600233355 /* PowerWatch watchOS WidgetExtension */ = {
			isa = PBXNativeTarget;
			buildConfigurationList = D56746852BB375D800233355 /* Build configuration list for PBXNativeTarget "PowerWatch watchOS WidgetExtension" */;
			buildPhases = (
				D56746752BB375D600233355 /* Sources */,
				D56746762BB375D600233355 /* Frameworks */,
				D56746772BB375D600233355 /* Resources */,
			);
			buildRules = (
			);
			dependencies = (
			);
			name = "PowerWatch watchOS WidgetExtension";
			productName = "PowerWatch watchOS WidgetExtension";
			productReference = D56746792BB375D600233355 /* PowerWatch watchOS WidgetExtension.appex */;
			productType = "com.apple.product-type.app-extension";
		};
		D567468B2BB375FF00233355 /* PowerWatch iOS WidgetExtension */ = {
			isa = PBXNativeTarget;
			buildConfigurationList = D567469A2BB3760200233355 /* Build configuration list for PBXNativeTarget "PowerWatch iOS WidgetExtension" */;
			buildPhases = (
				D56746882BB375FF00233355 /* Sources */,
				D56746892BB375FF00233355 /* Frameworks */,
				D567468A2BB375FF00233355 /* Resources */,
			);
			buildRules = (
			);
			dependencies = (
			);
			name = "PowerWatch iOS WidgetExtension";
			productName = "PowerWatch iOS WidgetExtension";
			productReference = D567468C2BB375FF00233355 /* PowerWatch iOS WidgetExtension.appex */;
			productType = "com.apple.product-type.app-extension";
		};
		D59F92DE2A7B09910063AA5E /* PowerWatch */ = {
			isa = PBXNativeTarget;
			buildConfigurationList = D59F92ED2A7B09920063AA5E /* Build configuration list for PBXNativeTarget "PowerWatch" */;
			buildPhases = (
				D59F92DB2A7B09910063AA5E /* Sources */,
				D59F92DC2A7B09910063AA5E /* Frameworks */,
				D59F92DD2A7B09910063AA5E /* Resources */,
				D59F93052A7D657B0063AA5E /* Embed Watch Content */,
				D56746602BB374EB00233355 /* Embed Foundation Extensions */,
			);
			buildRules = (
			);
			dependencies = (
				D59F93002A7D657B0063AA5E /* PBXTargetDependency */,
				D56746982BB3760200233355 /* PBXTargetDependency */,
			);
			name = PowerWatch;
			productName = PowerWatch;
			productReference = D59F92DF2A7B09910063AA5E /* PowerWatch.app */;
			productType = "com.apple.product-type.application";
		};
		D59F92F32A7D65790063AA5E /* PowerWatch watchOS Watch App */ = {
			isa = PBXNativeTarget;
			buildConfigurationList = D59F93022A7D657B0063AA5E /* Build configuration list for PBXNativeTarget "PowerWatch watchOS Watch App" */;
			buildPhases = (
				D59F92F02A7D65790063AA5E /* Sources */,
				D59F92F12A7D65790063AA5E /* Frameworks */,
				D59F92F22A7D65790063AA5E /* Resources */,
				D56746742BB374FE00233355 /* Embed Foundation Extensions */,
			);
			buildRules = (
			);
			dependencies = (
				D56746832BB375D800233355 /* PBXTargetDependency */,
			);
			name = "PowerWatch watchOS Watch App";
			productName = "PowerWatch watchOS Watch App";
			productReference = D59F92F42A7D65790063AA5E /* PowerWatch.app */;
			productType = "com.apple.product-type.application";
		};
/* End PBXNativeTarget section */

/* Begin PBXProject section */
		D59F92D72A7B09910063AA5E /* Project object */ = {
			isa = PBXProject;
			attributes = {
				BuildIndependentTargetsInParallel = 1;
				LastSwiftUpdateCheck = 1530;
				LastUpgradeCheck = 2620;
				TargetAttributes = {
					D56746782BB375D600233355 = {
						CreatedOnToolsVersion = 15.3;
					};
					D567468B2BB375FF00233355 = {
						CreatedOnToolsVersion = 15.3;
					};
					D59F92DE2A7B09910063AA5E = {
						CreatedOnToolsVersion = 14.3;
					};
					D59F92F32A7D65790063AA5E = {
						CreatedOnToolsVersion = 14.3;
					};
				};
			};
			buildConfigurationList = D59F92DA2A7B09910063AA5E /* Build configuration list for PBXProject "PowerWatch" */;
			compatibilityVersion = "Xcode 14.0";
			developmentRegion = en;
			hasScannedForEncodings = 0;
			knownRegions = (
				en,
				Base,
			);
			mainGroup = D59F92D62A7B09910063AA5E;
			productRefGroup = D59F92E02A7B09910063AA5E /* Products */;
			projectDirPath = "";
			projectRoot = "";
			targets = (
				D59F92DE2A7B09910063AA5E /* PowerWatch */,
				D59F92F32A7D65790063AA5E /* PowerWatch watchOS Watch App */,
				D56746782BB375D600233355 /* PowerWatch watchOS WidgetExtension */,
				D567468B2BB375FF00233355 /* PowerWatch iOS WidgetExtension */,
			);
		};
/* End PBXProject section */

/* Begin PBXResourcesBuildPhase section */
		D56746772BB375D600233355 /* Resources */ = {
			isa = PBXResourcesBuildPhase;
			buildActionMask = 2147483647;
			files = (
				D56746802BB375D800233355 /* Assets.xcassets in Resources */,
				D5C3B97B2F0B00F800F466A1 /* PowerWatchAppIcon.icon in Resources */,
			);
			runOnlyForDeploymentPostprocessing = 0;
		};
		D567468A2BB375FF00233355 /* Resources */ = {
			isa = PBXResourcesBuildPhase;
			buildActionMask = 2147483647;
			files = (
				D56746952BB3760200233355 /* Assets.xcassets in Resources */,
				D5C3B9782F0B00F800F466A1 /* PowerWatchAppIcon.icon in Resources */,
			);
			runOnlyForDeploymentPostprocessing = 0;
		};
		D59F92DD2A7B09910063AA5E /* Resources */ = {
			isa = PBXResourcesBuildPhase;
			buildActionMask = 2147483647;
			files = (
				D59F92EA2A7B09920063AA5E /* Preview Assets.xcassets in Resources */,
				D5C3B97D2F0B0ED800F466A1 /* PowerWatch IAPs.storekit in Resources */,
				D567469E2BB4319600233355 /* Settings.bundle in Resources */,
				D59F92E72A7B09920063AA5E /* Assets.xcassets in Resources */,
				D5C3B9792F0B00F800F466A1 /* PowerWatchAppIcon.icon in Resources */,
			);
			runOnlyForDeploymentPostprocessing = 0;
		};
		D59F92F22A7D65790063AA5E /* Resources */ = {
			isa = PBXResourcesBuildPhase;
			buildActionMask = 2147483647;
			files = (
				D5C3B97A2F0B00F800F466A1 /* PowerWatchAppIcon.icon in Resources */,
				D59F92FE2A7D657B0063AA5E /* Preview Assets.xcassets in Resources */,
				D59F92FB2A7D657B0063AA5E /* Assets.xcassets in Resources */,
			);
			runOnlyForDeploymentPostprocessing = 0;
		};
/* End PBXResourcesBuildPhase section */

/* Begin PBXSourcesBuildPhase section */
		D56746752BB375D600233355 /* Sources */ = {
			isa = PBXSourcesBuildPhase;
			buildActionMask = 2147483647;
			files = (
				D567467E2BB375D600233355 /* PowerWatch_watchOS_Widget.swift in Sources */,
				D597622D2BB4D881008F30C2 /* PowerWatch_watchOS_WidgetBundle.swift in Sources */,
			);
			runOnlyForDeploymentPostprocessing = 0;
		};
		D56746882BB375FF00233355 /* Sources */ = {
			isa = PBXSourcesBuildPhase;
			buildActionMask = 2147483647;
			files = (
				D56746912BB375FF00233355 /* PowerWatch_iOS_WidgetBundle.swift in Sources */,
				D56746932BB375FF00233355 /* PowerWatch_iOS_Widget.swift in Sources */,
			);
			runOnlyForDeploymentPostprocessing = 0;
		};
		D59F92DB2A7B09910063AA5E /* Sources */ = {
			isa = PBXSourcesBuildPhase;
			buildActionMask = 2147483647;
			files = (
				D59F92E52A7B09910063AA5E /* ContentView.swift in Sources */,
				D59F92E32A7B09910063AA5E /* PowerWatchApp.swift in Sources */,
				D56746B32BB4B8CD00233355 /* AppIntents.swift in Sources */,
			);
			runOnlyForDeploymentPostprocessing = 0;
		};
		D59F92F02A7D65790063AA5E /* Sources */ = {
			isa = PBXSourcesBuildPhase;
			buildActionMask = 2147483647;
			files = (
				D59F92F92A7D65790063AA5E /* ContentView.swift in Sources */,
				D59F92F72A7D65790063AA5E /* PowerWatch_watchOSApp.swift in Sources */,
				D56746B12BB4B74300233355 /* AppIntents.swift in Sources */,
			);
			runOnlyForDeploymentPostprocessing = 0;
		};
/* End PBXSourcesBuildPhase section */

/* Begin PBXTargetDependency section */
		D56746832BB375D800233355 /* PBXTargetDependency */ = {
			isa = PBXTargetDependency;
			target = D56746782BB375D600233355 /* PowerWatch watchOS WidgetExtension */;
			targetProxy = D56746822BB375D800233355 /* PBXContainerItemProxy */;
		};
		D56746982BB3760200233355 /* PBXTargetDependency */ = {
			isa = PBXTargetDependency;
			target = D567468B2BB375FF00233355 /* PowerWatch iOS WidgetExtension */;
			targetProxy = D56746972BB3760200233355 /* PBXContainerItemProxy */;
		};
		D59F93002A7D657B0063AA5E /* PBXTargetDependency */ = {
			isa = PBXTargetDependency;
			target = D59F92F32A7D65790063AA5E /* PowerWatch watchOS Watch App */;
			targetProxy = D59F92FF2A7D657B0063AA5E /* PBXContainerItemProxy */;
		};
/* End PBXTargetDependency section */

/* Begin XCBuildConfiguration section */
		D56746862BB375D800233355 /* Debug */ = {
			isa = XCBuildConfiguration;
			buildSettings = {
				ASSETCATALOG_COMPILER_GLOBAL_ACCENT_COLOR_NAME = AccentColor;
				ASSETCATALOG_COMPILER_WIDGET_BACKGROUND_COLOR_NAME = WidgetBackground;
				CODE_SIGN_ENTITLEMENTS = "PowerWatch watchOS Widget/PowerWatch_watchOS_Widget.entitlements";
				CODE_SIGN_STYLE = Automatic;
				CURRENT_PROJECT_VERSION = 1;
				GCC_C_LANGUAGE_STANDARD = gnu17;
				GENERATE_INFOPLIST_FILE = YES;
				INFOPLIST_FILE = "PowerWatch watchOS Widget/Info.plist";
				INFOPLIST_KEY_CFBundleDisplayName = "PowerWatch watchOS Widget";
				INFOPLIST_KEY_NSHumanReadableCopyright = "";
				LD_RUNPATH_SEARCH_PATHS = (
					"$(inherited)",
					"@executable_path/Frameworks",
					"@executable_path/../../Frameworks",
					"@executable_path/../../../../Frameworks",
				);
				LOCALIZATION_PREFERS_STRING_CATALOGS = YES;
				MARKETING_VERSION = 1.0;
				PRODUCT_BUNDLE_IDENTIFIER = "com.MSJ.PowerWatch.watchkitapp.PowerWatch-watchOS-Widget";
				PRODUCT_NAME = "$(TARGET_NAME)";
				SDKROOT = watchos;
				SKIP_INSTALL = YES;
				SWIFT_ACTIVE_COMPILATION_CONDITIONS = "DEBUG $(inherited)";
				SWIFT_EMIT_LOC_STRINGS = YES;
				SWIFT_VERSION = 5.0;
				TARGETED_DEVICE_FAMILY = 4;
				WATCHOS_DEPLOYMENT_TARGET = 26.0;
			};
			name = Debug;
		};
		D56746872BB375D800233355 /* Release */ = {
			isa = XCBuildConfiguration;
			buildSettings = {
				ASSETCATALOG_COMPILER_GLOBAL_ACCENT_COLOR_NAME = AccentColor;
				ASSETCATALOG_COMPILER_WIDGET_BACKGROUND_COLOR_NAME = WidgetBackground;
				CODE_SIGN_ENTITLEMENTS = "PowerWatch watchOS Widget/PowerWatch_watchOS_Widget.entitlements";
				CODE_SIGN_STYLE = Automatic;
				CURRENT_PROJECT_VERSION = 1;
				GCC_C_LANGUAGE_STANDARD = gnu17;
				GENERATE_INFOPLIST_FILE = YES;
				INFOPLIST_FILE = "PowerWatch watchOS Widget/Info.plist";
				INFOPLIST_KEY_CFBundleDisplayName = "PowerWatch watchOS Widget";
				INFOPLIST_KEY_NSHumanReadableCopyright = "";
				LD_RUNPATH_SEARCH_PATHS = (
					"$(inherited)",
					"@executable_path/Frameworks",
					"@executable_path/../../Frameworks",
					"@executable_path/../../../../Frameworks",
				);
				LOCALIZATION_PREFERS_STRING_CATALOGS = YES;
				MARKETING_VERSION = 1.0;
				PRODUCT_BUNDLE_IDENTIFIER = "com.MSJ.PowerWatch.watchkitapp.PowerWatch-watchOS-Widget";
				PRODUCT_NAME = "$(TARGET_NAME)";
				SDKROOT = watchos;
				SKIP_INSTALL = YES;
				SWIFT_EMIT_LOC_STRINGS = YES;
				SWIFT_VERSION = 5.0;
				TARGETED_DEVICE_FAMILY = 4;
				WATCHOS_DEPLOYMENT_TARGET = 26.0;
			};
			name = Release;
		};
		D567469B2BB3760200233355 /* Debug */ = {
			isa = XCBuildConfiguration;
			buildSettings = {
				ASSETCATALOG_COMPILER_GLOBAL_ACCENT_COLOR_NAME = AccentColor;
				ASSETCATALOG_COMPILER_WIDGET_BACKGROUND_COLOR_NAME = WidgetBackground;
				CODE_SIGN_ENTITLEMENTS = "PowerWatch iOS Widget/PowerWatch_iOS_Widget.entitlements";
				CODE_SIGN_STYLE = Automatic;
				CURRENT_PROJECT_VERSION = 1;
				GCC_C_LANGUAGE_STANDARD = gnu17;
				GENERATE_INFOPLIST_FILE = YES;
				INFOPLIST_FILE = "PowerWatch iOS Widget/Info.plist";
				INFOPLIST_KEY_CFBundleDisplayName = "PowerWatch iOS Widget";
				INFOPLIST_KEY_NSHumanReadableCopyright = "";
				IPHONEOS_DEPLOYMENT_TARGET = 26.0;
				LD_RUNPATH_SEARCH_PATHS = (
					"$(inherited)",
					"@executable_path/Frameworks",
					"@executable_path/../../Frameworks",
				);
				LOCALIZATION_PREFERS_STRING_CATALOGS = YES;
				MARKETING_VERSION = 1.0;
				PRODUCT_BUNDLE_IDENTIFIER = "com.MSJ.PowerWatch.PowerWatch-iOS-Widget";
				PRODUCT_NAME = "$(TARGET_NAME)";
				SKIP_INSTALL = YES;
				SUPPORTED_PLATFORMS = "iphoneos iphonesimulator";
				SUPPORTS_MACCATALYST = NO;
				SUPPORTS_MAC_DESIGNED_FOR_IPHONE_IPAD = NO;
				SUPPORTS_XR_DESIGNED_FOR_IPHONE_IPAD = NO;
				SWIFT_ACTIVE_COMPILATION_CONDITIONS = "DEBUG $(inherited)";
				SWIFT_EMIT_LOC_STRINGS = YES;
				SWIFT_VERSION = 5.0;
				TARGETED_DEVICE_FAMILY = 1;
			};
			name = Debug;
		};
		D567469C2BB3760200233355 /* Release */ = {
			isa = XCBuildConfiguration;
			buildSettings = {
				ASSETCATALOG_COMPILER_GLOBAL_ACCENT_COLOR_NAME = AccentColor;
				ASSETCATALOG_COMPILER_WIDGET_BACKGROUND_COLOR_NAME = WidgetBackground;
				CODE_SIGN_ENTITLEMENTS = "PowerWatch iOS Widget/PowerWatch_iOS_Widget.entitlements";
				CODE_SIGN_STYLE = Automatic;
				CURRENT_PROJECT_VERSION = 1;
				GCC_C_LANGUAGE_STANDARD = gnu17;
				GENERATE_INFOPLIST_FILE = YES;
				INFOPLIST_FILE = "PowerWatch iOS Widget/Info.plist";
				INFOPLIST_KEY_CFBundleDisplayName = "PowerWatch iOS Widget";
				INFOPLIST_KEY_NSHumanReadableCopyright = "";
				IPHONEOS_DEPLOYMENT_TARGET = 26.0;
				LD_RUNPATH_SEARCH_PATHS = (
					"$(inherited)",
					"@executable_path/Frameworks",
					"@executable_path/../../Frameworks",
				);
				LOCALIZATION_PREFERS_STRING_CATALOGS = YES;
				MARKETING_VERSION = 1.0;
				PRODUCT_BUNDLE_IDENTIFIER = "com.MSJ.PowerWatch.PowerWatch-iOS-Widget";
				PRODUCT_NAME = "$(TARGET_NAME)";
				SKIP_INSTALL = YES;
				SUPPORTED_PLATFORMS = "iphoneos iphonesimulator";
				SUPPORTS_MACCATALYST = NO;
				SUPPORTS_MAC_DESIGNED_FOR_IPHONE_IPAD = NO;
				SUPPORTS_XR_DESIGNED_FOR_IPHONE_IPAD = NO;
				SWIFT_EMIT_LOC_STRINGS = YES;
				SWIFT_VERSION = 5.0;
				TARGETED_DEVICE_FAMILY = 1;
			};
			name = Release;
		};
		D59F92EB2A7B09920063AA5E /* Debug */ = {
			isa = XCBuildConfiguration;
			buildSettings = {
				ALWAYS_SEARCH_USER_PATHS = NO;
				ASSETCATALOG_COMPILER_GENERATE_SWIFT_ASSET_SYMBOL_EXTENSIONS = YES;
				CLANG_ANALYZER_NONNULL = YES;
				CLANG_ANALYZER_NUMBER_OBJECT_CONVERSION = YES_AGGRESSIVE;
				CLANG_CXX_LANGUAGE_STANDARD = "gnu++20";
				CLANG_ENABLE_MODULES = YES;
				CLANG_ENABLE_OBJC_ARC = YES;
				CLANG_ENABLE_OBJC_WEAK = YES;
				CLANG_WARN_BLOCK_CAPTURE_AUTORELEASING = YES;
				CLANG_WARN_BOOL_CONVERSION = YES;
				CLANG_WARN_COMMA = YES;
				CLANG_WARN_CONSTANT_CONVERSION = YES;
				CLANG_WARN_DEPRECATED_OBJC_IMPLEMENTATIONS = YES;
				CLANG_WARN_DIRECT_OBJC_ISA_USAGE = YES_ERROR;
				CLANG_WARN_DOCUMENTATION_COMMENTS = YES;
				CLANG_WARN_EMPTY_BODY = YES;
				CLANG_WARN_ENUM_CONVERSION = YES;
				CLANG_WARN_INFINITE_RECURSION = YES;
				CLANG_WARN_INT_CONVERSION = YES;
				CLANG_WARN_NON_LITERAL_NULL_CONVERSION = YES;
				CLANG_WARN_OBJC_IMPLICIT_RETAIN_SELF = YES;
				CLANG_WARN_OBJC_LITERAL_CONVERSION = YES;
				CLANG_WARN_OBJC_ROOT_CLASS = YES_ERROR;
				CLANG_WARN_QUOTED_INCLUDE_IN_FRAMEWORK_HEADER = YES;
				CLANG_WARN_RANGE_LOOP_ANALYSIS = YES;
				CLANG_WARN_STRICT_PROTOTYPES = YES;
				CLANG_WARN_SUSPICIOUS_MOVE = YES;
				CLANG_WARN_UNGUARDED_AVAILABILITY = YES_AGGRESSIVE;
				CLANG_WARN_UNREACHABLE_CODE = YES;
				CLANG_WARN__DUPLICATE_METHOD_MATCH = YES;
				COPY_PHASE_STRIP = NO;
				DEBUG_INFORMATION_FORMAT = dwarf;
				DEVELOPMENT_TEAM = ZWASU9HFBU;
				ENABLE_STRICT_OBJC_MSGSEND = YES;
				ENABLE_TESTABILITY = YES;
				ENABLE_USER_SCRIPT_SANDBOXING = YES;
				GCC_C_LANGUAGE_STANDARD = gnu11;
				GCC_DYNAMIC_NO_PIC = NO;
				GCC_NO_COMMON_BLOCKS = YES;
				GCC_OPTIMIZATION_LEVEL = 0;
				GCC_PREPROCESSOR_DEFINITIONS = (
					"DEBUG=1",
					"$(inherited)",
				);
				GCC_WARN_64_TO_32_BIT_CONVERSION = YES;
				GCC_WARN_ABOUT_RETURN_TYPE = YES_ERROR;
				GCC_WARN_UNDECLARED_SELECTOR = YES;
				GCC_WARN_UNINITIALIZED_AUTOS = YES_AGGRESSIVE;
				GCC_WARN_UNUSED_FUNCTION = YES;
				GCC_WARN_UNUSED_VARIABLE = YES;
				IPHONEOS_DEPLOYMENT_TARGET = 17.0;
				MTL_ENABLE_DEBUG_INFO = INCLUDE_SOURCE;
				MTL_FAST_MATH = YES;
				ONLY_ACTIVE_ARCH = YES;
				SDKROOT = iphoneos;
				STRING_CATALOG_GENERATE_SYMBOLS = YES;
				SWIFT_ACTIVE_COMPILATION_CONDITIONS = DEBUG;
				SWIFT_OPTIMIZATION_LEVEL = "-Onone";
				WATCHOS_DEPLOYMENT_TARGET = 10.0;
			};
			name = Debug;
		};
		D59F92EC2A7B09920063AA5E /* Release */ = {
			isa = XCBuildConfiguration;
			buildSettings = {
				ALWAYS_SEARCH_USER_PATHS = NO;
				ASSETCATALOG_COMPILER_GENERATE_SWIFT_ASSET_SYMBOL_EXTENSIONS = YES;
				CLANG_ANALYZER_NONNULL = YES;
				CLANG_ANALYZER_NUMBER_OBJECT_CONVERSION = YES_AGGRESSIVE;
				CLANG_CXX_LANGUAGE_STANDARD = "gnu++20";
				CLANG_ENABLE_MODULES = YES;
				CLANG_ENABLE_OBJC_ARC = YES;
				CLANG_ENABLE_OBJC_WEAK = YES;
				CLANG_WARN_BLOCK_CAPTURE_AUTORELEASING = YES;
				CLANG_WARN_BOOL_CONVERSION = YES;
				CLANG_WARN_COMMA = YES;
				CLANG_WARN_CONSTANT_CONVERSION = YES;
				CLANG_WARN_DEPRECATED_OBJC_IMPLEMENTATIONS = YES;
				CLANG_WARN_DIRECT_OBJC_ISA_USAGE = YES_ERROR;
				CLANG_WARN_DOCUMENTATION_COMMENTS = YES;
				CLANG_WARN_EMPTY_BODY = YES;
				CLANG_WARN_ENUM_CONVERSION = YES;
				CLANG_WARN_INFINITE_RECURSION = YES;
				CLANG_WARN_INT_CONVERSION = YES;
				CLANG_WARN_NON_LITERAL_NULL_CONVERSION = YES;
				CLANG_WARN_OBJC_IMPLICIT_RETAIN_SELF = YES;
				CLANG_WARN_OBJC_LITERAL_CONVERSION = YES;
				CLANG_WARN_OBJC_ROOT_CLASS = YES_ERROR;
				CLANG_WARN_QUOTED_INCLUDE_IN_FRAMEWORK_HEADER = YES;
				CLANG_WARN_RANGE_LOOP_ANALYSIS = YES;
				CLANG_WARN_STRICT_PROTOTYPES = YES;
				CLANG_WARN_SUSPICIOUS_MOVE = YES;
				CLANG_WARN_UNGUARDED_AVAILABILITY = YES_AGGRESSIVE;
				CLANG_WARN_UNREACHABLE_CODE = YES;
				CLANG_WARN__DUPLICATE_METHOD_MATCH = YES;
				COPY_PHASE_STRIP = NO;
				DEBUG_INFORMATION_FORMAT = "dwarf-with-dsym";
				DEVELOPMENT_TEAM = ZWASU9HFBU;
				ENABLE_NS_ASSERTIONS = NO;
				ENABLE_STRICT_OBJC_MSGSEND = YES;
				ENABLE_USER_SCRIPT_SANDBOXING = YES;
				GCC_C_LANGUAGE_STANDARD = gnu11;
				GCC_NO_COMMON_BLOCKS = YES;
				GCC_WARN_64_TO_32_BIT_CONVERSION = YES;
				GCC_WARN_ABOUT_RETURN_TYPE = YES_ERROR;
				GCC_WARN_UNDECLARED_SELECTOR = YES;
				GCC_WARN_UNINITIALIZED_AUTOS = YES_AGGRESSIVE;
				GCC_WARN_UNUSED_FUNCTION = YES;
				GCC_WARN_UNUSED_VARIABLE = YES;
				IPHONEOS_DEPLOYMENT_TARGET = 17.0;
				MTL_ENABLE_DEBUG_INFO = NO;
				MTL_FAST_MATH = YES;
				SDKROOT = iphoneos;
				STRING_CATALOG_GENERATE_SYMBOLS = YES;
				SWIFT_COMPILATION_MODE = wholemodule;
				SWIFT_OPTIMIZATION_LEVEL = "-O";
				VALIDATE_PRODUCT = YES;
				WATCHOS_DEPLOYMENT_TARGET = 10.0;
			};
			name = Release;
		};
		D59F92EE2A7B09920063AA5E /* Debug */ = {
			isa = XCBuildConfiguration;
			buildSettings = {
				ASSETCATALOG_COMPILER_APPICON_NAME = PowerWatchAppIcon;
				ASSETCATALOG_COMPILER_GLOBAL_ACCENT_COLOR_NAME = AccentColor;
				CODE_SIGN_ENTITLEMENTS = PowerWatch/PowerWatch.entitlements;
				CODE_SIGN_STYLE = Automatic;
				CURRENT_PROJECT_VERSION = 1;
				DEVELOPMENT_ASSET_PATHS = "\"PowerWatch/Preview Content\"";
				ENABLE_PREVIEWS = YES;
				GENERATE_INFOPLIST_FILE = YES;
				INFOPLIST_KEY_ITSAppUsesNonExemptEncryption = NO;
				INFOPLIST_KEY_LSApplicationCategoryType = "public.app-category.utilities";
				INFOPLIST_KEY_UIApplicationSceneManifest_Generation = YES;
				INFOPLIST_KEY_UIApplicationSupportsIndirectInputEvents = YES;
				INFOPLIST_KEY_UILaunchScreen_Generation = YES;
				INFOPLIST_KEY_UISupportedInterfaceOrientations = UIInterfaceOrientationPortrait;
				INFOPLIST_KEY_UISupportedInterfaceOrientations_iPad = "UIInterfaceOrientationLandscapeLeft UIInterfaceOrientationLandscapeRight UIInterfaceOrientationPortrait UIInterfaceOrientationPortraitUpsideDown";
				IPHONEOS_DEPLOYMENT_TARGET = 26.0;
				LD_RUNPATH_SEARCH_PATHS = (
					"$(inherited)",
					"@executable_path/Frameworks",
				);
				MARKETING_VERSION = 1.0;
				PRODUCT_BUNDLE_IDENTIFIER = com.MSJ.PowerWatch;
				PRODUCT_NAME = "$(TARGET_NAME)";
				SUPPORTED_PLATFORMS = "iphoneos iphonesimulator";
				SUPPORTS_MACCATALYST = NO;
				SUPPORTS_MAC_DESIGNED_FOR_IPHONE_IPAD = NO;
				SUPPORTS_XR_DESIGNED_FOR_IPHONE_IPAD = NO;
				SWIFT_EMIT_LOC_STRINGS = YES;
				SWIFT_VERSION = 5.0;
				TARGETED_DEVICE_FAMILY = 1;
			};
			name = Debug;
		};
		D59F92EF2A7B09920063AA5E /* Release */ = {
			isa = XCBuildConfiguration;
			buildSettings = {
				ASSETCATALOG_COMPILER_APPICON_NAME = PowerWatchAppIcon;
				ASSETCATALOG_COMPILER_GLOBAL_ACCENT_COLOR_NAME = AccentColor;
				CODE_SIGN_ENTITLEMENTS = PowerWatch/PowerWatch.entitlements;
				CODE_SIGN_STYLE = Automatic;
				CURRENT_PROJECT_VERSION = 1;
				DEVELOPMENT_ASSET_PATHS = "\"PowerWatch/Preview Content\"";
				ENABLE_PREVIEWS = YES;
				GENERATE_INFOPLIST_FILE = YES;
				INFOPLIST_KEY_ITSAppUsesNonExemptEncryption = NO;
				INFOPLIST_KEY_LSApplicationCategoryType = "public.app-category.utilities";
				INFOPLIST_KEY_UIApplicationSceneManifest_Generation = YES;
				INFOPLIST_KEY_UIApplicationSupportsIndirectInputEvents = YES;
				INFOPLIST_KEY_UILaunchScreen_Generation = YES;
				INFOPLIST_KEY_UISupportedInterfaceOrientations = UIInterfaceOrientationPortrait;
				INFOPLIST_KEY_UISupportedInterfaceOrientations_iPad = "UIInterfaceOrientationLandscapeLeft UIInterfaceOrientationLandscapeRight UIInterfaceOrientationPortrait UIInterfaceOrientationPortraitUpsideDown";
				IPHONEOS_DEPLOYMENT_TARGET = 26.0;
				LD_RUNPATH_SEARCH_PATHS = (
					"$(inherited)",
					"@executable_path/Frameworks",
				);
				MARKETING_VERSION = 1.0;
				PRODUCT_BUNDLE_IDENTIFIER = com.MSJ.PowerWatch;
				PRODUCT_NAME = "$(TARGET_NAME)";
				SUPPORTED_PLATFORMS = "iphoneos iphonesimulator";
				SUPPORTS_MACCATALYST = NO;
				SUPPORTS_MAC_DESIGNED_FOR_IPHONE_IPAD = NO;
				SUPPORTS_XR_DESIGNED_FOR_IPHONE_IPAD = NO;
				SWIFT_EMIT_LOC_STRINGS = YES;
				SWIFT_VERSION = 5.0;
				TARGETED_DEVICE_FAMILY = 1;
			};
			name = Release;
		};
		D59F93032A7D657B0063AA5E /* Debug */ = {
			isa = XCBuildConfiguration;
			buildSettings = {
				ASSETCATALOG_COMPILER_APPICON_NAME = PowerWatchAppIcon;
				ASSETCATALOG_COMPILER_GLOBAL_ACCENT_COLOR_NAME = AccentColor;
				CODE_SIGN_ENTITLEMENTS = "PowerWatch watchOS Watch App/PowerWatch_watchOS_Watch_App.entitlements";
				CODE_SIGN_STYLE = Automatic;
				CURRENT_PROJECT_VERSION = 1;
				DEVELOPMENT_ASSET_PATHS = "\"PowerWatch watchOS Watch App/Preview Content\"";
				ENABLE_PREVIEWS = YES;
				GENERATE_INFOPLIST_FILE = YES;
				INFOPLIST_KEY_UISupportedInterfaceOrientations = "UIInterfaceOrientationPortrait UIInterfaceOrientationPortraitUpsideDown";
				INFOPLIST_KEY_WKCompanionAppBundleIdentifier = com.MSJ.PowerWatch;
				LD_RUNPATH_SEARCH_PATHS = (
					"$(inherited)",
					"@executable_path/Frameworks",
				);
				MARKETING_VERSION = 1.0;
				PRODUCT_BUNDLE_IDENTIFIER = com.MSJ.PowerWatch.watchkitapp;
				PRODUCT_NAME = PowerWatch;
				SDKROOT = watchos;
				SKIP_INSTALL = YES;
				SWIFT_EMIT_LOC_STRINGS = YES;
				SWIFT_VERSION = 5.0;
				TARGETED_DEVICE_FAMILY = 4;
				WATCHOS_DEPLOYMENT_TARGET = 26.0;
			};
			name = Debug;
		};
		D59F93042A7D657B0063AA5E /* Release */ = {
			isa = XCBuildConfiguration;
			buildSettings = {
				ASSETCATALOG_COMPILER_APPICON_NAME = PowerWatchAppIcon;
				ASSETCATALOG_COMPILER_GLOBAL_ACCENT_COLOR_NAME = AccentColor;
				CODE_SIGN_ENTITLEMENTS = "PowerWatch watchOS Watch App/PowerWatch_watchOS_Watch_App.entitlements";
				CODE_SIGN_STYLE = Automatic;
				CURRENT_PROJECT_VERSION = 1;
				DEVELOPMENT_ASSET_PATHS = "\"PowerWatch watchOS Watch App/Preview Content\"";
				ENABLE_PREVIEWS = YES;
				GENERATE_INFOPLIST_FILE = YES;
				INFOPLIST_KEY_UISupportedInterfaceOrientations = "UIInterfaceOrientationPortrait UIInterfaceOrientationPortraitUpsideDown";
				INFOPLIST_KEY_WKCompanionAppBundleIdentifier = com.MSJ.PowerWatch;
				LD_RUNPATH_SEARCH_PATHS = (
					"$(inherited)",
					"@executable_path/Frameworks",
				);
				MARKETING_VERSION = 1.0;
				PRODUCT_BUNDLE_IDENTIFIER = com.MSJ.PowerWatch.watchkitapp;
				PRODUCT_NAME = PowerWatch;
				SDKROOT = watchos;
				SKIP_INSTALL = YES;
				SWIFT_EMIT_LOC_STRINGS = YES;
				SWIFT_VERSION = 5.0;
				TARGETED_DEVICE_FAMILY = 4;
				WATCHOS_DEPLOYMENT_TARGET = 26.0;
			};
			name = Release;
		};
/* End XCBuildConfiguration section */

/* Begin XCConfigurationList section */
		D56746852BB375D800233355 /* Build configuration list for PBXNativeTarget "PowerWatch watchOS WidgetExtension" */ = {
			isa = XCConfigurationList;
			buildConfigurations = (
				D56746862BB375D800233355 /* Debug */,
				D56746872BB375D800233355 /* Release */,
			);
			defaultConfigurationIsVisible = 0;
			defaultConfigurationName = Release;
		};
		D567469A2BB3760200233355 /* Build configuration list for PBXNativeTarget "PowerWatch iOS WidgetExtension" */ = {
			isa = XCConfigurationList;
			buildConfigurations = (
				D567469B2BB3760200233355 /* Debug */,
				D567469C2BB3760200233355 /* Release */,
			);
			defaultConfigurationIsVisible = 0;
			defaultConfigurationName = Release;
		};
		D59F92DA2A7B09910063AA5E /* Build configuration list for PBXProject "PowerWatch" */ = {
			isa = XCConfigurationList;
			buildConfigurations = (
				D59F92EB2A7B09920063AA5E /* Debug */,
				D59F92EC2A7B09920063AA5E /* Release */,
			);
			defaultConfigurationIsVisible = 0;
			defaultConfigurationName = Release;
		};
		D59F92ED2A7B09920063AA5E /* Build configuration list for PBXNativeTarget "PowerWatch" */ = {
			isa = XCConfigurationList;
			buildConfigurations = (
				D59F92EE2A7B09920063AA5E /* Debug */,
				D59F92EF2A7B09920063AA5E /* Release */,
			);
			defaultConfigurationIsVisible = 0;
			defaultConfigurationName = Release;
		};
		D59F93022A7D657B0063AA5E /* Build configuration list for PBXNativeTarget "PowerWatch watchOS Watch App" */ = {
			isa = XCConfigurationList;
			buildConfigurations = (
				D59F93032A7D657B0063AA5E /* Debug */,
				D59F93042A7D657B0063AA5E /* Release */,
			);
			defaultConfigurationIsVisible = 0;
			defaultConfigurationName = Release;
		};
/* End XCConfigurationList section */
	};
	rootObject = D59F92D72A7B09910063AA5E /* Project object */;
}
